
Microsoft Visual Studio Solution File, Format Version 12.00
# Visual Studio Version 16
VisualStudioVersion = 16.0.33801.447
MinimumVisualStudioVersion = 10.0.40219.1
Project("{FAE04EC0-301F-11D3-BF4B-00C04F79EFBC}") = "WindowsSnapshots", "WindowsSnapshots\WindowsSnapshots.csproj", "{4D5759C5-15D4-43C1-BEA9-D739B7422F18}"
EndProject
Project("{FAE04EC0-301F-11D3-BF4B-00C04F79EFBC}") = "Helpers", "Helpers\Helpers.csproj", "{FFDA4271-A2FB-4CC0-AC01-8C72EDD20838}"
EndProject
Global
	GlobalSection(SolutionConfigurationPlatforms) = preSolution
		Debug|Any CPU = Debug|Any CPU
		Release|Any CPU = Release|Any CPU
	EndGlobalSection
	GlobalSection(ProjectConfigurationPlatforms) = postSolution
		{4D5759C5-15D4-43C1-BEA9-D739B7422F18}.Debug|Any CPU.ActiveCfg = Debug|Any CPU
		{4D5759C5-15D4-43C1-BEA9-D739B7422F18}.Debug|Any CPU.Build.0 = Debug|Any CPU
		{4D5759C5-15D4-43C1-BEA9-D739B7422F18}.Release|Any CPU.ActiveCfg = Release|Any CPU
		{4D5759C5-15D4-43C1-BEA9-D739B7422F18}.Release|Any CPU.Build.0 = Release|Any CPU
		{FFDA4271-A2FB-4CC0-AC01-8C72EDD20838}.Debug|Any CPU.ActiveCfg = Debug|Any CPU
		{FFDA4271-A2FB-4CC0-AC01-8C72EDD20838}.Debug|Any CPU.Build.0 = Debug|Any CPU
		{FFDA4271-A2FB-4CC0-AC01-8C72EDD20838}.Release|Any CPU.ActiveCfg = Release|Any CPU
		{FFDA4271-A2FB-4CC0-AC01-8C72EDD20838}.Release|Any CPU.Build.0 = Release|Any CPU
	EndGlobalSection
	GlobalSection(SolutionProperties) = preSolution
		HideSolutionNode = FALSE
	EndGlobalSection
	GlobalSection(ExtensibilityGlobals) = postSolution
		SolutionGuid = {6697C47D-4FFA-496F-9BA9-BC696B56F9DF}
	EndGlobalSection
EndGlobal
